
Microsoft Visual Studio Solution File, Format Version 12.00
# Visual Studio Version 16
VisualStudioVersion = 16.0.30523.141
MinimumVisualStudioVersion = 10.0.40219.1
Project("{9A19103F-16F7-4668-BE54-9A1E7A4F7556}") = "MRDeveloper.Validate.CPF.CNPJ", "PackageValidateCpf\MRDeveloper.Validate.CPF.CNPJ.csproj", "{01899D47-AE52-4EF2-8663-77C652117AF9}"
EndProject
Project("{9A19103F-16F7-4668-BE54-9A1E7A4F7556}") = "TestValidate", "TesteCpfValidate\TestValidate.csproj", "{406C7990-70AE-43BC-A900-2CBA32B3E6E5}"
EndProject
Global
	GlobalSection(SolutionConfigurationPlatforms) = preSolution
		Debug|Any CPU = Debug|Any CPU
		Release|Any CPU = Release|Any CPU
	EndGlobalSection
	GlobalSection(ProjectConfigurationPlatforms) = postSolution
		{01899D47-AE52-4EF2-8663-77C652117AF9}.Debug|Any CPU.ActiveCfg = Debug|Any CPU
		{01899D47-AE52-4EF2-8663-77C652117AF9}.Debug|Any CPU.Build.0 = Debug|Any CPU
		{01899D47-AE52-4EF2-8663-77C652117AF9}.Release|Any CPU.ActiveCfg = Release|Any CPU
		{01899D47-AE52-4EF2-8663-77C652117AF9}.Release|Any CPU.Build.0 = Release|Any CPU
		{406C7990-70AE-43BC-A900-2CBA32B3E6E5}.Debug|Any CPU.ActiveCfg = Debug|Any CPU
		{406C7990-70AE-43BC-A900-2CBA32B3E6E5}.Debug|Any CPU.Build.0 = Debug|Any CPU
		{406C7990-70AE-43BC-A900-2CBA32B3E6E5}.Release|Any CPU.ActiveCfg = Release|Any CPU
		{406C7990-70AE-43BC-A900-2CBA32B3E6E5}.Release|Any CPU.Build.0 = Release|Any CPU
	EndGlobalSection
	GlobalSection(SolutionProperties) = preSolution
		HideSolutionNode = FALSE
	EndGlobalSection
	GlobalSection(ExtensibilityGlobals) = postSolution
		SolutionGuid = {EF7BB91C-39D4-4659-906D-3D426C6ED4B6}
	EndGlobalSection
EndGlobal
